
Microsoft Visual Studio Solution File, Format Version 12.00
# Visual Studio Version 16
VisualStudioVersion = 16.0.29509.3
MinimumVisualStudioVersion = 10.0.40219.1
Project("{9A19103F-16F7-4668-BE54-9A1E7A4F7556}") = "CourseSignUp.Api", "CourseSignUp.Api\CourseSignUp.Api.csproj", "{21306EFD-106D-49A4-A46E-38F4B4529DEF}"
EndProject
Project("{9A19103F-16F7-4668-BE54-9A1E7A4F7556}") = "CourseSignUp.Domain", "CourseSignUp.Domain\CourseSignUp.Domain.csproj", "{1760FE4A-7105-46B6-A125-75AE40710E6F}"
EndProject
Project("{9A19103F-16F7-4668-BE54-9A1E7A4F7556}") = "CourseSignUp.Infraestructure", "CourseSignUp.Infraestructure\CourseSignUp.Infraestructure.csproj", "{43FBEEEC-2397-4097-AAD4-D08315C5F65F}"
EndProject
Project("{FAE04EC0-301F-11D3-BF4B-00C04F79EFBC}") = "CourseSignUp.SignupProcessor", "CourseSignUp.SignupProcessor\CourseSignUp.SignupProcessor.csproj", "{8C348424-1E2A-4061-BD2B-243029261927}"
EndProject
Global
	GlobalSection(SolutionConfigurationPlatforms) = preSolution
		Debug|Any CPU = Debug|Any CPU
		Release|Any CPU = Release|Any CPU
	EndGlobalSection
	GlobalSection(ProjectConfigurationPlatforms) = postSolution
		{21306EFD-106D-49A4-A46E-38F4B4529DEF}.Debug|Any CPU.ActiveCfg = Debug|Any CPU
		{21306EFD-106D-49A4-A46E-38F4B4529DEF}.Debug|Any CPU.Build.0 = Debug|Any CPU
		{21306EFD-106D-49A4-A46E-38F4B4529DEF}.Release|Any CPU.ActiveCfg = Release|Any CPU
		{21306EFD-106D-49A4-A46E-38F4B4529DEF}.Release|Any CPU.Build.0 = Release|Any CPU
		{1760FE4A-7105-46B6-A125-75AE40710E6F}.Debug|Any CPU.ActiveCfg = Debug|Any CPU
		{1760FE4A-7105-46B6-A125-75AE40710E6F}.Debug|Any CPU.Build.0 = Debug|Any CPU
		{1760FE4A-7105-46B6-A125-75AE40710E6F}.Release|Any CPU.ActiveCfg = Release|Any CPU
		{1760FE4A-7105-46B6-A125-75AE40710E6F}.Release|Any CPU.Build.0 = Release|Any CPU
		{43FBEEEC-2397-4097-AAD4-D08315C5F65F}.Debug|Any CPU.ActiveCfg = Debug|Any CPU
		{43FBEEEC-2397-4097-AAD4-D08315C5F65F}.Debug|Any CPU.Build.0 = Debug|Any CPU
		{43FBEEEC-2397-4097-AAD4-D08315C5F65F}.Release|Any CPU.ActiveCfg = Release|Any CPU
		{43FBEEEC-2397-4097-AAD4-D08315C5F65F}.Release|Any CPU.Build.0 = Release|Any CPU
		{8C348424-1E2A-4061-BD2B-243029261927}.Debug|Any CPU.ActiveCfg = Debug|Any CPU
		{8C348424-1E2A-4061-BD2B-243029261927}.Debug|Any CPU.Build.0 = Debug|Any CPU
		{8C348424-1E2A-4061-BD2B-243029261927}.Release|Any CPU.ActiveCfg = Release|Any CPU
		{8C348424-1E2A-4061-BD2B-243029261927}.Release|Any CPU.Build.0 = Release|Any CPU
	EndGlobalSection
	GlobalSection(SolutionProperties) = preSolution
		HideSolutionNode = FALSE
	EndGlobalSection
	GlobalSection(ExtensibilityGlobals) = postSolution
		SolutionGuid = {CB27A711-EDCA-4E26-8046-D54C7F216FE0}
	EndGlobalSection
EndGlobal
